
Microsoft Visual Studio Solution File, Format Version 12.00
# Visual Studio Version 17
VisualStudioVersion = 17.2.32526.322
MinimumVisualStudioVersion = 10.0.40219.1
Project("{9A19103F-16F7-4668-BE54-9A1E7A4F7556}") = "ASquaredRonWASM", "ASquaredRonWASM\ASquaredRonWASM.csproj", "{8ED65A16-5D30-44E1-A242-20D189D64526}"
EndProject
Project("{2150E333-8FDC-42A3-9474-1A3956D46DE8}") = "3. WASM", "3. WASM", "{9F568F74-72A5-4440-9FA1-AF68269204F3}"
EndProject
Project("{2150E333-8FDC-42A3-9474-1A3956D46DE8}") = "2. API", "2. API", "{DE9AC542-3829-4FA3-9484-5390DEAF8A61}"
EndProject
Project("{2150E333-8FDC-42A3-9474-1A3956D46DE8}") = "1. DB", "1. DB", "{A2F238AD-0511-41B7-9238-C0FE121D08B7}"
EndProject
Project("{9A19103F-16F7-4668-BE54-9A1E7A4F7556}") = "ASquaredRonAPI", "ASquaredRonAPI\ASquaredRonAPI.csproj", "{5EB6C482-45A5-49C4-878B-CAA16B208004}"
EndProject
Project("{2150E333-8FDC-42A3-9474-1A3956D46DE8}") = "0. Models", "0. Models", "{D3660532-3059-4807-A695-2EA7DF9646C3}"
EndProject
Project("{9A19103F-16F7-4668-BE54-9A1E7A4F7556}") = "ASquaredRonModels", "ASquaredRonModels\ASquaredRonModels.csproj", "{32BF7DB5-BD9D-4C8F-9A66-58A79287D436}"
EndProject
Project("{FAE04EC0-301F-11D3-BF4B-00C04F79EFBC}") = "ASquaredRonDB", "ASquaredRonDB\ASquaredRonDB.csproj", "{D02FB9F1-70E2-435E-A585-5BEC987BD97E}"
EndProject
Global
	GlobalSection(SolutionConfigurationPlatforms) = preSolution
		Debug|Any CPU = Debug|Any CPU
		Release|Any CPU = Release|Any CPU
	EndGlobalSection
	GlobalSection(ProjectConfigurationPlatforms) = postSolution
		{8ED65A16-5D30-44E1-A242-20D189D64526}.Debug|Any CPU.ActiveCfg = Debug|Any CPU
		{8ED65A16-5D30-44E1-A242-20D189D64526}.Debug|Any CPU.Build.0 = Debug|Any CPU
		{8ED65A16-5D30-44E1-A242-20D189D64526}.Release|Any CPU.ActiveCfg = Release|Any CPU
		{8ED65A16-5D30-44E1-A242-20D189D64526}.Release|Any CPU.Build.0 = Release|Any CPU
		{5EB6C482-45A5-49C4-878B-CAA16B208004}.Debug|Any CPU.ActiveCfg = Debug|Any CPU
		{5EB6C482-45A5-49C4-878B-CAA16B208004}.Debug|Any CPU.Build.0 = Debug|Any CPU
		{5EB6C482-45A5-49C4-878B-CAA16B208004}.Release|Any CPU.ActiveCfg = Release|Any CPU
		{5EB6C482-45A5-49C4-878B-CAA16B208004}.Release|Any CPU.Build.0 = Release|Any CPU
		{32BF7DB5-BD9D-4C8F-9A66-58A79287D436}.Debug|Any CPU.ActiveCfg = Debug|Any CPU
		{32BF7DB5-BD9D-4C8F-9A66-58A79287D436}.Debug|Any CPU.Build.0 = Debug|Any CPU
		{32BF7DB5-BD9D-4C8F-9A66-58A79287D436}.Release|Any CPU.ActiveCfg = Release|Any CPU
		{32BF7DB5-BD9D-4C8F-9A66-58A79287D436}.Release|Any CPU.Build.0 = Release|Any CPU
		{D02FB9F1-70E2-435E-A585-5BEC987BD97E}.Debug|Any CPU.ActiveCfg = Debug|Any CPU
		{D02FB9F1-70E2-435E-A585-5BEC987BD97E}.Debug|Any CPU.Build.0 = Debug|Any CPU
		{D02FB9F1-70E2-435E-A585-5BEC987BD97E}.Release|Any CPU.ActiveCfg = Release|Any CPU
		{D02FB9F1-70E2-435E-A585-5BEC987BD97E}.Release|Any CPU.Build.0 = Release|Any CPU
	EndGlobalSection
	GlobalSection(SolutionProperties) = preSolution
		HideSolutionNode = FALSE
	EndGlobalSection
	GlobalSection(NestedProjects) = preSolution
		{8ED65A16-5D30-44E1-A242-20D189D64526} = {9F568F74-72A5-4440-9FA1-AF68269204F3}
		{5EB6C482-45A5-49C4-878B-CAA16B208004} = {DE9AC542-3829-4FA3-9484-5390DEAF8A61}
		{32BF7DB5-BD9D-4C8F-9A66-58A79287D436} = {D3660532-3059-4807-A695-2EA7DF9646C3}
		{D02FB9F1-70E2-435E-A585-5BEC987BD97E} = {A2F238AD-0511-41B7-9238-C0FE121D08B7}
	EndGlobalSection
	GlobalSection(ExtensibilityGlobals) = postSolution
		SolutionGuid = {9B06C020-CA89-4430-A5AF-CD3B3C6E3E4F}
	EndGlobalSection
EndGlobal
